// !$*UTF8*$!
{
	archiveVersion = 1;
	classes = {
	};
	objectVersion = 77;
	objects = {

/* Begin PBXBuildFile section */
		3A1000010000000000000001 /* MagReaderApp.swift in Sources */ = {isa = PBXBuildFile; fileRef = 3A2000010000000000000001 /* MagReaderApp.swift */; };
		3A1000010000000000000002 /* Models.swift in Sources */ = {isa = PBXBuildFile; fileRef = 3A2000010000000000000002 /* Models.swift */; };
		3A1000010000000000000003 /* Utilities.swift in Sources */ = {isa = PBXBuildFile; fileRef = 3A2000010000000000000003 /* Utilities.swift */; };
		3A1000010000000000000004 /* SQLiteDatabase.swift in Sources */ = {isa = PBXBuildFile; fileRef = 3A2000010000000000000004 /* SQLiteDatabase.swift */; };
		3A1000010000000000000005 /* Services.swift in Sources */ = {isa = PBXBuildFile; fileRef = 3A2000010000000000000005 /* Services.swift */; };
		3A1000010000000000000006 /* RSSParser.swift in Sources */ = {isa = PBXBuildFile; fileRef = 3A2000010000000000000006 /* RSSParser.swift */; };
		3A1000010000000000000007 /* Views.swift in Sources */ = {isa = PBXBuildFile; fileRef = 3A2000010000000000000007 /* Views.swift */; };
		3A1000010000000000000008 /* ReaderWebView.swift in Sources */ = {isa = PBXBuildFile; fileRef = 3A2000010000000000000008 /* ReaderWebView.swift */; };
		3A1000010000000000000009 /* Assets.xcassets in Resources */ = {isa = PBXBuildFile; fileRef = 3A2000010000000000000009 /* Assets.xcassets */; };
		3A1000010000000000000010 /* MagReaderTests.swift in Sources */ = {isa = PBXBuildFile; fileRef = 3A2000010000000000000010 /* MagReaderTests.swift */; };
		3A1000010000000000000011 /* MagReaderUITests.swift in Sources */ = {isa = PBXBuildFile; fileRef = 3A2000010000000000000011 /* MagReaderUITests.swift */; };
/* End PBXBuildFile section */

/* Begin PBXContainerItemProxy section */
		3A3000010000000000000001 /* PBXContainerItemProxy */ = {
			isa = PBXContainerItemProxy;
			containerPortal = 3A4000010000000000000001 /* Project object */;
			proxyType = 1;
			remoteGlobalIDString = 3A5000010000000000000001;
			remoteInfo = MagReader;
		};
		3A3000010000000000000002 /* PBXContainerItemProxy */ = {
			isa = PBXContainerItemProxy;
			containerPortal = 3A4000010000000000000001 /* Project object */;
			proxyType = 1;
			remoteGlobalIDString = 3A5000010000000000000001;
			remoteInfo = MagReader;
		};
/* End PBXContainerItemProxy section */

/* Begin PBXFileReference section */
		3A2000010000000000000001 /* MagReaderApp.swift */ = {isa = PBXFileReference; lastKnownFileType = sourcecode.swift; path = MagReaderApp.swift; sourceTree = "<group>"; };
		3A2000010000000000000002 /* Models.swift */ = {isa = PBXFileReference; lastKnownFileType = sourcecode.swift; path = Models.swift; sourceTree = "<group>"; };
		3A2000010000000000000003 /* Utilities.swift */ = {isa = PBXFileReference; lastKnownFileType = sourcecode.swift; path = Utilities.swift; sourceTree = "<group>"; };
		3A2000010000000000000004 /* SQLiteDatabase.swift */ = {isa = PBXFileReference; lastKnownFileType = sourcecode.swift; path = SQLiteDatabase.swift; sourceTree = "<group>"; };
		3A2000010000000000000005 /* Services.swift */ = {isa = PBXFileReference; lastKnownFileType = sourcecode.swift; path = Services.swift; sourceTree = "<group>"; };
		3A2000010000000000000006 /* RSSParser.swift */ = {isa = PBXFileReference; lastKnownFileType = sourcecode.swift; path = RSSParser.swift; sourceTree = "<group>"; };
		3A2000010000000000000007 /* Views.swift */ = {isa = PBXFileReference; lastKnownFileType = sourcecode.swift; path = Views.swift; sourceTree = "<group>"; };
		3A2000010000000000000008 /* ReaderWebView.swift */ = {isa = PBXFileReference; lastKnownFileType = sourcecode.swift; path = ReaderWebView.swift; sourceTree = "<group>"; };
		3A2000010000000000000009 /* Assets.xcassets */ = {isa = PBXFileReference; lastKnownFileType = folder.assetcatalog; path = Assets.xcassets; sourceTree = "<group>"; };
		3A2000010000000000000010 /* MagReaderTests.swift */ = {isa = PBXFileReference; lastKnownFileType = sourcecode.swift; path = MagReaderTests.swift; sourceTree = "<group>"; };
		3A2000010000000000000011 /* MagReaderUITests.swift */ = {isa = PBXFileReference; lastKnownFileType = sourcecode.swift; path = MagReaderUITests.swift; sourceTree = "<group>"; };
		3A2000010000000000000012 /* MagReader.app */ = {isa = PBXFileReference; explicitFileType = wrapper.application; includeInIndex = 0; path = MagReader.app; sourceTree = BUILT_PRODUCTS_DIR; };
		3A2000010000000000000013 /* MagReaderTests.xctest */ = {isa = PBXFileReference; explicitFileType = wrapper.cfbundle; includeInIndex = 0; path = MagReaderTests.xctest; sourceTree = BUILT_PRODUCTS_DIR; };
		3A2000010000000000000014 /* MagReaderUITests.xctest */ = {isa = PBXFileReference; explicitFileType = wrapper.cfbundle; includeInIndex = 0; path = MagReaderUITests.xctest; sourceTree = BUILT_PRODUCTS_DIR; };
/* End PBXFileReference section */

/* Begin PBXFrameworksBuildPhase section */
		3A6000010000000000000001 /* Frameworks */ = {
			isa = PBXFrameworksBuildPhase;
			buildActionMask = 2147483647;
			files = (
			);
			runOnlyForDeploymentPostprocessing = 0;
		};
		3A6000010000000000000002 /* Frameworks */ = {
			isa = PBXFrameworksBuildPhase;
			buildActionMask = 2147483647;
			files = (
			);
			runOnlyForDeploymentPostprocessing = 0;
		};
		3A6000010000000000000003 /* Frameworks */ = {
			isa = PBXFrameworksBuildPhase;
			buildActionMask = 2147483647;
			files = (
			);
			runOnlyForDeploymentPostprocessing = 0;
		};
/* End PBXFrameworksBuildPhase section */

/* Begin PBXGroup section */
		3A7000010000000000000001 = {
			isa = PBXGroup;
			children = (
				3A7000010000000000000002 /* MagReader */,
				3A7000010000000000000003 /* MagReaderTests */,
				3A7000010000000000000004 /* MagReaderUITests */,
				3A7000010000000000000005 /* Products */,
			);
			sourceTree = "<group>";
		};
		3A7000010000000000000002 /* MagReader */ = {
			isa = PBXGroup;
			children = (
				3A2000010000000000000001 /* MagReaderApp.swift */,
				3A2000010000000000000002 /* Models.swift */,
				3A2000010000000000000003 /* Utilities.swift */,
				3A2000010000000000000004 /* SQLiteDatabase.swift */,
				3A2000010000000000000005 /* Services.swift */,
				3A2000010000000000000006 /* RSSParser.swift */,
				3A2000010000000000000007 /* Views.swift */,
				3A2000010000000000000008 /* ReaderWebView.swift */,
				3A2000010000000000000009 /* Assets.xcassets */,
			);
			path = MagReader;
			sourceTree = "<group>";
		};
		3A7000010000000000000003 /* MagReaderTests */ = {
			isa = PBXGroup;
			children = (
				3A2000010000000000000010 /* MagReaderTests.swift */,
			);
			path = MagReaderTests;
			sourceTree = "<group>";
		};
		3A7000010000000000000004 /* MagReaderUITests */ = {
			isa = PBXGroup;
			children = (
				3A2000010000000000000011 /* MagReaderUITests.swift */,
			);
			path = MagReaderUITests;
			sourceTree = "<group>";
		};
		3A7000010000000000000005 /* Products */ = {
			isa = PBXGroup;
			children = (
				3A2000010000000000000012 /* MagReader.app */,
				3A2000010000000000000013 /* MagReaderTests.xctest */,
				3A2000010000000000000014 /* MagReaderUITests.xctest */,
			);
			name = Products;
			sourceTree = "<group>";
		};
/* End PBXGroup section */

/* Begin PBXNativeTarget section */
		3A5000010000000000000001 /* MagReader */ = {
			isa = PBXNativeTarget;
			buildConfigurationList = 3A8000010000000000000001 /* Build configuration list for PBXNativeTarget "MagReader" */;
			buildPhases = (
				3A9000010000000000000001 /* Sources */,
				3A6000010000000000000001 /* Frameworks */,
				3AA000010000000000000001 /* Resources */,
			);
			buildRules = (
			);
			dependencies = (
			);
			name = MagReader;
			productName = MagReader;
			productReference = 3A2000010000000000000012 /* MagReader.app */;
			productType = "com.apple.product-type.application";
		};
		3A5000010000000000000002 /* MagReaderTests */ = {
			isa = PBXNativeTarget;
			buildConfigurationList = 3A8000010000000000000002 /* Build configuration list for PBXNativeTarget "MagReaderTests" */;
			buildPhases = (
				3A9000010000000000000002 /* Sources */,
				3A6000010000000000000002 /* Frameworks */,
				3AA000010000000000000002 /* Resources */,
			);
			buildRules = (
			);
			dependencies = (
				3AB000010000000000000001 /* PBXTargetDependency */,
			);
			name = MagReaderTests;
			productName = MagReaderTests;
			productReference = 3A2000010000000000000013 /* MagReaderTests.xctest */;
			productType = "com.apple.product-type.bundle.unit-test";
		};
		3A5000010000000000000003 /* MagReaderUITests */ = {
			isa = PBXNativeTarget;
			buildConfigurationList = 3A8000010000000000000003 /* Build configuration list for PBXNativeTarget "MagReaderUITests" */;
			buildPhases = (
				3A9000010000000000000003 /* Sources */,
				3A6000010000000000000003 /* Frameworks */,
				3AA000010000000000000003 /* Resources */,
			);
			buildRules = (
			);
			dependencies = (
				3AB000010000000000000002 /* PBXTargetDependency */,
			);
			name = MagReaderUITests;
			productName = MagReaderUITests;
			productReference = 3A2000010000000000000014 /* MagReaderUITests.xctest */;
			productType = "com.apple.product-type.bundle.ui-testing";
		};
/* End PBXNativeTarget section */

/* Begin PBXProject section */
		3A4000010000000000000001 /* Project object */ = {
			isa = PBXProject;
			attributes = {
				BuildIndependentTargetsInParallel = 1;
				LastSwiftUpdateCheck = 2630;
				LastUpgradeCheck = 2630;
				TargetAttributes = {
					3A5000010000000000000001 = {
						CreatedOnToolsVersion = 26.3;
					};
					3A5000010000000000000002 = {
						CreatedOnToolsVersion = 26.3;
						TestTargetID = 3A5000010000000000000001;
					};
					3A5000010000000000000003 = {
						CreatedOnToolsVersion = 26.3;
						TestTargetID = 3A5000010000000000000001;
					};
				};
			};
			buildConfigurationList = 3A8000010000000000000004 /* Build configuration list for PBXProject "MagReader" */;
			developmentRegion = en;
			hasScannedForEncodings = 0;
			knownRegions = (
				en,
				Base,
			);
			mainGroup = 3A7000010000000000000001;
			minimizedProjectReferenceProxies = 1;
			preferredProjectObjectVersion = 77;
			productRefGroup = 3A7000010000000000000005 /* Products */;
			projectDirPath = "";
			projectRoot = "";
			targets = (
				3A5000010000000000000001 /* MagReader */,
				3A5000010000000000000002 /* MagReaderTests */,
				3A5000010000000000000003 /* MagReaderUITests */,
			);
		};
/* End PBXProject section */

/* Begin PBXResourcesBuildPhase section */
		3AA000010000000000000001 /* Resources */ = {
			isa = PBXResourcesBuildPhase;
			buildActionMask = 2147483647;
			files = (
				3A1000010000000000000009 /* Assets.xcassets in Resources */,
			);
			runOnlyForDeploymentPostprocessing = 0;
		};
		3AA000010000000000000002 /* Resources */ = {
			isa = PBXResourcesBuildPhase;
			buildActionMask = 2147483647;
			files = (
			);
			runOnlyForDeploymentPostprocessing = 0;
		};
		3AA000010000000000000003 /* Resources */ = {
			isa = PBXResourcesBuildPhase;
			buildActionMask = 2147483647;
			files = (
			);
			runOnlyForDeploymentPostprocessing = 0;
		};
/* End PBXResourcesBuildPhase section */

/* Begin PBXSourcesBuildPhase section */
		3A9000010000000000000001 /* Sources */ = {
			isa = PBXSourcesBuildPhase;
			buildActionMask = 2147483647;
			files = (
				3A1000010000000000000001 /* MagReaderApp.swift in Sources */,
				3A1000010000000000000002 /* Models.swift in Sources */,
				3A1000010000000000000003 /* Utilities.swift in Sources */,
				3A1000010000000000000004 /* SQLiteDatabase.swift in Sources */,
				3A1000010000000000000005 /* Services.swift in Sources */,
				3A1000010000000000000006 /* RSSParser.swift in Sources */,
				3A1000010000000000000007 /* Views.swift in Sources */,
				3A1000010000000000000008 /* ReaderWebView.swift in Sources */,
			);
			runOnlyForDeploymentPostprocessing = 0;
		};
		3A9000010000000000000002 /* Sources */ = {
			isa = PBXSourcesBuildPhase;
			buildActionMask = 2147483647;
			files = (
				3A1000010000000000000010 /* MagReaderTests.swift in Sources */,
			);
			runOnlyForDeploymentPostprocessing = 0;
		};
		3A9000010000000000000003 /* Sources */ = {
			isa = PBXSourcesBuildPhase;
			buildActionMask = 2147483647;
			files = (
				3A1000010000000000000011 /* MagReaderUITests.swift in Sources */,
			);
			runOnlyForDeploymentPostprocessing = 0;
		};
/* End PBXSourcesBuildPhase section */

/* Begin PBXTargetDependency section */
		3AB000010000000000000001 /* PBXTargetDependency */ = {
			isa = PBXTargetDependency;
			target = 3A5000010000000000000001 /* MagReader */;
			targetProxy = 3A3000010000000000000001 /* PBXContainerItemProxy */;
		};
		3AB000010000000000000002 /* PBXTargetDependency */ = {
			isa = PBXTargetDependency;
			target = 3A5000010000000000000001 /* MagReader */;
			targetProxy = 3A3000010000000000000002 /* PBXContainerItemProxy */;
		};
/* End PBXTargetDependency section */

/* Begin XCBuildConfiguration section */
		3AC000010000000000000001 /* Debug */ = {
			isa = XCBuildConfiguration;
			buildSettings = {
				ALWAYS_SEARCH_USER_PATHS = NO;
				ASSETCATALOG_COMPILER_GENERATE_SWIFT_ASSET_SYMBOL_EXTENSIONS = YES;
				CLANG_ANALYZER_NONNULL = YES;
				CLANG_ANALYZER_NUMBER_OBJECT_CONVERSION = YES_AGGRESSIVE;
				CLANG_CXX_LANGUAGE_STANDARD = "gnu++20";
				CLANG_ENABLE_MODULES = YES;
				CLANG_ENABLE_OBJC_ARC = YES;
				CLANG_ENABLE_OBJC_WEAK = YES;
				CLANG_WARN_BLOCK_CAPTURE_AUTORELEASING = YES;
				CLANG_WARN_BOOL_CONVERSION = YES;
				CLANG_WARN_COMMA = YES;
				CLANG_WARN_CONSTANT_CONVERSION = YES;
				CLANG_WARN_DEPRECATED_OBJC_IMPLEMENTATIONS = YES;
				CLANG_WARN_DIRECT_OBJC_ISA_USAGE = YES_ERROR;
				CLANG_WARN_DOCUMENTATION_COMMENTS = YES;
				CLANG_WARN_EMPTY_BODY = YES;
				CLANG_WARN_ENUM_CONVERSION = YES;
				CLANG_WARN_INFINITE_RECURSION = YES;
				CLANG_WARN_INT_CONVERSION = YES;
				CLANG_WARN_NON_LITERAL_NULL_CONVERSION = YES;
				CLANG_WARN_OBJC_IMPLICIT_RETAIN_SELF = YES;
				CLANG_WARN_OBJC_LITERAL_CONVERSION = YES;
				CLANG_WARN_OBJC_ROOT_CLASS = YES_ERROR;
				CLANG_WARN_QUOTED_INCLUDE_IN_FRAMEWORK_HEADER = YES;
				CLANG_WARN_RANGE_LOOP_ANALYSIS = YES;
				CLANG_WARN_STRICT_PROTOTYPES = YES;
				CLANG_WARN_SUSPICIOUS_MOVE = YES;
				CLANG_WARN_UNGUARDED_AVAILABILITY = YES_AGGRESSIVE;
				CLANG_WARN_UNREACHABLE_CODE = YES;
				CLANG_WARN__DUPLICATE_METHOD_MATCH = YES;
				COPY_PHASE_STRIP = NO;
				DEBUG_INFORMATION_FORMAT = dwarf;
				ENABLE_STRICT_OBJC_MSGSEND = YES;
				ENABLE_TESTABILITY = YES;
				ENABLE_USER_SCRIPT_SANDBOXING = YES;
				GCC_C_LANGUAGE_STANDARD = gnu17;
				GCC_DYNAMIC_NO_PIC = NO;
				GCC_NO_COMMON_BLOCKS = YES;
				GCC_OPTIMIZATION_LEVEL = 0;
				GCC_PREPROCESSOR_DEFINITIONS = (
					"DEBUG=1",
					"$(inherited)",
				);
				GCC_WARN_64_TO_32_BIT_CONVERSION = YES;
				GCC_WARN_ABOUT_RETURN_TYPE = YES_ERROR;
				GCC_WARN_UNDECLARED_SELECTOR = YES;
				GCC_WARN_UNINITIALIZED_AUTOS = YES_AGGRESSIVE;
				GCC_WARN_UNUSED_FUNCTION = YES;
				GCC_WARN_UNUSED_VARIABLE = YES;
				IPHONEOS_DEPLOYMENT_TARGET = 17.0;
				LOCALIZATION_PREFERS_STRING_CATALOGS = YES;
				MTL_ENABLE_DEBUG_INFO = INCLUDE_SOURCE;
				MTL_FAST_MATH = YES;
				ONLY_ACTIVE_ARCH = YES;
				SDKROOT = iphoneos;
				SWIFT_ACTIVE_COMPILATION_CONDITIONS = "DEBUG $(inherited)";
				SWIFT_OPTIMIZATION_LEVEL = "-Onone";
			};
			name = Debug;
		};
		3AC000010000000000000002 /* Release */ = {
			isa = XCBuildConfiguration;
			buildSettings = {
				ALWAYS_SEARCH_USER_PATHS = NO;
				ASSETCATALOG_COMPILER_GENERATE_SWIFT_ASSET_SYMBOL_EXTENSIONS = YES;
				CLANG_ANALYZER_NONNULL = YES;
				CLANG_ANALYZER_NUMBER_OBJECT_CONVERSION = YES_AGGRESSIVE;
				CLANG_CXX_LANGUAGE_STANDARD = "gnu++20";
				CLANG_ENABLE_MODULES = YES;
				CLANG_ENABLE_OBJC_ARC = YES;
				CLANG_ENABLE_OBJC_WEAK = YES;
				CLANG_WARN_BLOCK_CAPTURE_AUTORELEASING = YES;
				CLANG_WARN_BOOL_CONVERSION = YES;
				CLANG_WARN_COMMA = YES;
				CLANG_WARN_CONSTANT_CONVERSION = YES;
				CLANG_WARN_DEPRECATED_OBJC_IMPLEMENTATIONS = YES;
				CLANG_WARN_DIRECT_OBJC_ISA_USAGE = YES_ERROR;
				CLANG_WARN_DOCUMENTATION_COMMENTS = YES;
				CLANG_WARN_EMPTY_BODY = YES;
				CLANG_WARN_ENUM_CONVERSION = YES;
				CLANG_WARN_INFINITE_RECURSION = YES;
				CLANG_WARN_INT_CONVERSION = YES;
				CLANG_WARN_NON_LITERAL_NULL_CONVERSION = YES;
				CLANG_WARN_OBJC_IMPLICIT_RETAIN_SELF = YES;
				CLANG_WARN_OBJC_LITERAL_CONVERSION = YES;
				CLANG_WARN_OBJC_ROOT_CLASS = YES_ERROR;
				CLANG_WARN_QUOTED_INCLUDE_IN_FRAMEWORK_HEADER = YES;
				CLANG_WARN_RANGE_LOOP_ANALYSIS = YES;
				CLANG_WARN_STRICT_PROTOTYPES = YES;
				CLANG_WARN_SUSPICIOUS_MOVE = YES;
				CLANG_WARN_UNGUARDED_AVAILABILITY = YES_AGGRESSIVE;
				CLANG_WARN_UNREACHABLE_CODE = YES;
				CLANG_WARN__DUPLICATE_METHOD_MATCH = YES;
				COPY_PHASE_STRIP = NO;
				DEBUG_INFORMATION_FORMAT = "dwarf-with-dsym";
				ENABLE_NS_ASSERTIONS = NO;
				ENABLE_STRICT_OBJC_MSGSEND = YES;
				ENABLE_USER_SCRIPT_SANDBOXING = YES;
				GCC_C_LANGUAGE_STANDARD = gnu17;
				GCC_NO_COMMON_BLOCKS = YES;
				GCC_WARN_64_TO_32_BIT_CONVERSION = YES;
				GCC_WARN_ABOUT_RETURN_TYPE = YES_ERROR;
				GCC_WARN_UNDECLARED_SELECTOR = YES;
				GCC_WARN_UNINITIALIZED_AUTOS = YES_AGGRESSIVE;
				GCC_WARN_UNUSED_FUNCTION = YES;
				GCC_WARN_UNUSED_VARIABLE = YES;
				IPHONEOS_DEPLOYMENT_TARGET = 17.0;
				LOCALIZATION_PREFERS_STRING_CATALOGS = YES;
				MTL_ENABLE_DEBUG_INFO = NO;
				MTL_FAST_MATH = YES;
				SDKROOT = iphoneos;
				SWIFT_COMPILATION_MODE = wholemodule;
				VALIDATE_PRODUCT = YES;
			};
			name = Release;
		};
		3AC000010000000000000003 /* Debug */ = {
			isa = XCBuildConfiguration;
			buildSettings = {
				ASSETCATALOG_COMPILER_APPICON_NAME = AppIcon;
				CODE_SIGN_STYLE = Automatic;
				CURRENT_PROJECT_VERSION = 1;
				DEVELOPMENT_TEAM = 8L7M599U45;
				GENERATE_INFOPLIST_FILE = YES;
				INFOPLIST_KEY_CFBundleDisplayName = MagReader;
				INFOPLIST_KEY_LSApplicationCategoryType = "public.app-category.education";
				INFOPLIST_KEY_NSHumanReadableCopyright = "";
				INFOPLIST_KEY_UIApplicationSceneManifest_Generation = YES;
				INFOPLIST_KEY_UIApplicationSupportsIndirectInputEvents = YES;
				INFOPLIST_KEY_UILaunchScreen_Generation = YES;
				INFOPLIST_KEY_UISupportedInterfaceOrientations_iPad = "UIInterfaceOrientationPortrait UIInterfaceOrientationPortraitUpsideDown UIInterfaceOrientationLandscapeLeft UIInterfaceOrientationLandscapeRight";
				INFOPLIST_KEY_UISupportedInterfaceOrientations_iPhone = "UIInterfaceOrientationPortrait UIInterfaceOrientationLandscapeLeft UIInterfaceOrientationLandscapeRight";
				LD_RUNPATH_SEARCH_PATHS = (
					"$(inherited)",
					"@executable_path/Frameworks",
				);
				MARKETING_VERSION = 0.1.0;
				OTHER_LDFLAGS = "-lsqlite3";
				PRODUCT_BUNDLE_IDENTIFIER = local.magreader.ios;
				PRODUCT_NAME = "$(TARGET_NAME)";
				SWIFT_EMIT_LOC_STRINGS = YES;
				SWIFT_VERSION = 6.0;
				TARGETED_DEVICE_FAMILY = "1,2";
			};
			name = Debug;
		};
		3AC000010000000000000004 /* Release */ = {
			isa = XCBuildConfiguration;
			buildSettings = {
				ASSETCATALOG_COMPILER_APPICON_NAME = AppIcon;
				CODE_SIGN_STYLE = Automatic;
				CURRENT_PROJECT_VERSION = 1;
				DEVELOPMENT_TEAM = 8L7M599U45;
				GENERATE_INFOPLIST_FILE = YES;
				INFOPLIST_KEY_CFBundleDisplayName = MagReader;
				INFOPLIST_KEY_LSApplicationCategoryType = "public.app-category.education";
				INFOPLIST_KEY_NSHumanReadableCopyright = "";
				INFOPLIST_KEY_UIApplicationSceneManifest_Generation = YES;
				INFOPLIST_KEY_UIApplicationSupportsIndirectInputEvents = YES;
				INFOPLIST_KEY_UILaunchScreen_Generation = YES;
				INFOPLIST_KEY_UISupportedInterfaceOrientations_iPad = "UIInterfaceOrientationPortrait UIInterfaceOrientationPortraitUpsideDown UIInterfaceOrientationLandscapeLeft UIInterfaceOrientationLandscapeRight";
				INFOPLIST_KEY_UISupportedInterfaceOrientations_iPhone = "UIInterfaceOrientationPortrait UIInterfaceOrientationLandscapeLeft UIInterfaceOrientationLandscapeRight";
				LD_RUNPATH_SEARCH_PATHS = (
					"$(inherited)",
					"@executable_path/Frameworks",
				);
				MARKETING_VERSION = 0.1.0;
				OTHER_LDFLAGS = "-lsqlite3";
				PRODUCT_BUNDLE_IDENTIFIER = local.magreader.ios;
				PRODUCT_NAME = "$(TARGET_NAME)";
				SWIFT_EMIT_LOC_STRINGS = YES;
				SWIFT_VERSION = 6.0;
				TARGETED_DEVICE_FAMILY = "1,2";
			};
			name = Release;
		};
		3AC000010000000000000005 /* Debug */ = {
			isa = XCBuildConfiguration;
			buildSettings = {
				BUNDLE_LOADER = "$(TEST_HOST)";
				CODE_SIGN_STYLE = Automatic;
				CURRENT_PROJECT_VERSION = 1;
				DEVELOPMENT_TEAM = "";
				GENERATE_INFOPLIST_FILE = YES;
				IPHONEOS_DEPLOYMENT_TARGET = 17.0;
				LD_RUNPATH_SEARCH_PATHS = (
					"$(inherited)",
					"@executable_path/Frameworks",
					"@loader_path/Frameworks",
				);
				MARKETING_VERSION = 0.1.0;
				PRODUCT_BUNDLE_IDENTIFIER = local.magreader.ios.tests;
				PRODUCT_NAME = "$(TARGET_NAME)";
				SWIFT_VERSION = 6.0;
				TEST_HOST = "$(BUILT_PRODUCTS_DIR)/MagReader.app/$(BUNDLE_EXECUTABLE_FOLDER_PATH)/MagReader";
			};
			name = Debug;
		};
		3AC000010000000000000006 /* Release */ = {
			isa = XCBuildConfiguration;
			buildSettings = {
				BUNDLE_LOADER = "$(TEST_HOST)";
				CODE_SIGN_STYLE = Automatic;
				CURRENT_PROJECT_VERSION = 1;
				DEVELOPMENT_TEAM = "";
				GENERATE_INFOPLIST_FILE = YES;
				IPHONEOS_DEPLOYMENT_TARGET = 17.0;
				LD_RUNPATH_SEARCH_PATHS = (
					"$(inherited)",
					"@executable_path/Frameworks",
					"@loader_path/Frameworks",
				);
				MARKETING_VERSION = 0.1.0;
				PRODUCT_BUNDLE_IDENTIFIER = local.magreader.ios.tests;
				PRODUCT_NAME = "$(TARGET_NAME)";
				SWIFT_VERSION = 6.0;
				TEST_HOST = "$(BUILT_PRODUCTS_DIR)/MagReader.app/$(BUNDLE_EXECUTABLE_FOLDER_PATH)/MagReader";
			};
			name = Release;
		};
		3AC000010000000000000007 /* Debug */ = {
			isa = XCBuildConfiguration;
			buildSettings = {
				CODE_SIGN_STYLE = Automatic;
				CURRENT_PROJECT_VERSION = 1;
				DEVELOPMENT_TEAM = "";
				GENERATE_INFOPLIST_FILE = YES;
				IPHONEOS_DEPLOYMENT_TARGET = 17.0;
				LD_RUNPATH_SEARCH_PATHS = (
					"$(inherited)",
					"@executable_path/Frameworks",
					"@loader_path/Frameworks",
				);
				MARKETING_VERSION = 0.1.0;
				PRODUCT_BUNDLE_IDENTIFIER = local.magreader.ios.uitests;
				PRODUCT_NAME = "$(TARGET_NAME)";
				SWIFT_VERSION = 6.0;
				TEST_TARGET_NAME = MagReader;
			};
			name = Debug;
		};
		3AC000010000000000000008 /* Release */ = {
			isa = XCBuildConfiguration;
			buildSettings = {
				CODE_SIGN_STYLE = Automatic;
				CURRENT_PROJECT_VERSION = 1;
				DEVELOPMENT_TEAM = "";
				GENERATE_INFOPLIST_FILE = YES;
				IPHONEOS_DEPLOYMENT_TARGET = 17.0;
				LD_RUNPATH_SEARCH_PATHS = (
					"$(inherited)",
					"@executable_path/Frameworks",
					"@loader_path/Frameworks",
				);
				MARKETING_VERSION = 0.1.0;
				PRODUCT_BUNDLE_IDENTIFIER = local.magreader.ios.uitests;
				PRODUCT_NAME = "$(TARGET_NAME)";
				SWIFT_VERSION = 6.0;
				TEST_TARGET_NAME = MagReader;
			};
			name = Release;
		};
/* End XCBuildConfiguration section */

/* Begin XCConfigurationList section */
		3A8000010000000000000001 /* Build configuration list for PBXNativeTarget "MagReader" */ = {
			isa = XCConfigurationList;
			buildConfigurations = (
				3AC000010000000000000003 /* Debug */,
				3AC000010000000000000004 /* Release */,
			);
			defaultConfigurationIsVisible = 0;
			defaultConfigurationName = Release;
		};
		3A8000010000000000000002 /* Build configuration list for PBXNativeTarget "MagReaderTests" */ = {
			isa = XCConfigurationList;
			buildConfigurations = (
				3AC000010000000000000005 /* Debug */,
				3AC000010000000000000006 /* Release */,
			);
			defaultConfigurationIsVisible = 0;
			defaultConfigurationName = Release;
		};
		3A8000010000000000000003 /* Build configuration list for PBXNativeTarget "MagReaderUITests" */ = {
			isa = XCConfigurationList;
			buildConfigurations = (
				3AC000010000000000000007 /* Debug */,
				3AC000010000000000000008 /* Release */,
			);
			defaultConfigurationIsVisible = 0;
			defaultConfigurationName = Release;
		};
		3A8000010000000000000004 /* Build configuration list for PBXProject "MagReader" */ = {
			isa = XCConfigurationList;
			buildConfigurations = (
				3AC000010000000000000001 /* Debug */,
				3AC000010000000000000002 /* Release */,
			);
			defaultConfigurationIsVisible = 0;
			defaultConfigurationName = Release;
		};
/* End XCConfigurationList section */
	};
	rootObject = 3A4000010000000000000001 /* Project object */;
}
